{
  "name": "bluez-avrcp-rest",
  "version": "0.0.1",
  "lockfileVersion": 1,
  "requires": true,
  "dependencies": {
    "dbus": {
      "version": "https://registry.npmjs.org/dbus/-/dbus-1.0.0.tgz",
      "integrity": "sha1-vPgrIWHeyt/vFpvy/wpqQZKKyoE=",
      "requires": {
        "nan": "https://registry.npmjs.org/nan/-/nan-2.5.1.tgz"
      }
    },
    "nan": {
      "version": "https://registry.npmjs.org/nan/-/nan-2.5.1.tgz",
      "integrity": "sha1-1bAWkSUzJql6K77p5hxV2NYDUeI="
    }
  }
}
